
Microsoft Visual Studio Solution File, Format Version 12.00
# Visual Studio 15
VisualStudioVersion = 15.0.28307.329
MinimumVisualStudioVersion = 10.0.40219.1
Project("{FAE04EC0-301F-11D3-BF4B-00C04F79EFBC}") = "FizzBuzzTree", "FizzBuzzTree\FizzBuzzTree.csproj", "{FEF450B4-2E03-4384-BD19-1118FC2D3933}"
EndProject
Project("{FAE04EC0-301F-11D3-BF4B-00C04F79EFBC}") = "FizzBuzzTreeTDD", "FizzBuzzTreeTDD\FizzBuzzTreeTDD.csproj", "{4B260CE7-07EF-45CD-87AF-A07AEC68681B}"
EndProject
Global
	GlobalSection(SolutionConfigurationPlatforms) = preSolution
		Debug|Any CPU = Debug|Any CPU
		Release|Any CPU = Release|Any CPU
	EndGlobalSection
	GlobalSection(ProjectConfigurationPlatforms) = postSolution
		{FEF450B4-2E03-4384-BD19-1118FC2D3933}.Debug|Any CPU.ActiveCfg = Debug|Any CPU
		{FEF450B4-2E03-4384-BD19-1118FC2D3933}.Debug|Any CPU.Build.0 = Debug|Any CPU
		{FEF450B4-2E03-4384-BD19-1118FC2D3933}.Release|Any CPU.ActiveCfg = Release|Any CPU
		{FEF450B4-2E03-4384-BD19-1118FC2D3933}.Release|Any CPU.Build.0 = Release|Any CPU
		{4B260CE7-07EF-45CD-87AF-A07AEC68681B}.Debug|Any CPU.ActiveCfg = Debug|Any CPU
		{4B260CE7-07EF-45CD-87AF-A07AEC68681B}.Debug|Any CPU.Build.0 = Debug|Any CPU
		{4B260CE7-07EF-45CD-87AF-A07AEC68681B}.Release|Any CPU.ActiveCfg = Release|Any CPU
		{4B260CE7-07EF-45CD-87AF-A07AEC68681B}.Release|Any CPU.Build.0 = Release|Any CPU
	EndGlobalSection
	GlobalSection(SolutionProperties) = preSolution
		HideSolutionNode = FALSE
	EndGlobalSection
	GlobalSection(ExtensibilityGlobals) = postSolution
		SolutionGuid = {C0EA6381-16D3-41D0-9A90-C751C12D209E}
	EndGlobalSection
EndGlobal
