
Microsoft Visual Studio Solution File, Format Version 12.00
# Visual Studio 15
VisualStudioVersion = 15.0.28307.271
MinimumVisualStudioVersion = 10.0.40219.1
Project("{FAE04EC0-301F-11D3-BF4B-00C04F79EFBC}") = "BinarySearch", "BinarySearch\BinarySearch.csproj", "{A741D998-2289-41EF-A9F8-86C2FB61AE11}"
EndProject
Project("{FAE04EC0-301F-11D3-BF4B-00C04F79EFBC}") = "XUnitTestProject1", "XUnitTestProject1\XUnitTestProject1.csproj", "{41AAF324-54E2-4239-A210-C3AB28269BE6}"
EndProject
Global
	GlobalSection(SolutionConfigurationPlatforms) = preSolution
		Debug|Any CPU = Debug|Any CPU
		Release|Any CPU = Release|Any CPU
	EndGlobalSection
	GlobalSection(ProjectConfigurationPlatforms) = postSolution
		{A741D998-2289-41EF-A9F8-86C2FB61AE11}.Debug|Any CPU.ActiveCfg = Debug|Any CPU
		{A741D998-2289-41EF-A9F8-86C2FB61AE11}.Debug|Any CPU.Build.0 = Debug|Any CPU
		{A741D998-2289-41EF-A9F8-86C2FB61AE11}.Release|Any CPU.ActiveCfg = Release|Any CPU
		{A741D998-2289-41EF-A9F8-86C2FB61AE11}.Release|Any CPU.Build.0 = Release|Any CPU
		{41AAF324-54E2-4239-A210-C3AB28269BE6}.Debug|Any CPU.ActiveCfg = Debug|Any CPU
		{41AAF324-54E2-4239-A210-C3AB28269BE6}.Debug|Any CPU.Build.0 = Debug|Any CPU
		{41AAF324-54E2-4239-A210-C3AB28269BE6}.Release|Any CPU.ActiveCfg = Release|Any CPU
		{41AAF324-54E2-4239-A210-C3AB28269BE6}.Release|Any CPU.Build.0 = Release|Any CPU
	EndGlobalSection
	GlobalSection(SolutionProperties) = preSolution
		HideSolutionNode = FALSE
	EndGlobalSection
	GlobalSection(ExtensibilityGlobals) = postSolution
		SolutionGuid = {B05221D3-F7CE-4C17-B230-7037BE0C2488}
	EndGlobalSection
EndGlobal
