
Microsoft Visual Studio Solution File, Format Version 12.00
# Visual Studio 15
VisualStudioVersion = 15.0.28307.271
MinimumVisualStudioVersion = 10.0.40219.1
Project("{FAE04EC0-301F-11D3-BF4B-00C04F79EFBC}") = "LinkedListKthFromEnd", "LinkedListKthFromEnd\LinkedListKthFromEnd.csproj", "{86C8C8B1-A316-452C-86D2-39089F67FC84}"
EndProject
Project("{FAE04EC0-301F-11D3-BF4B-00C04F79EFBC}") = "LinkedListKthFromEndTDD", "LinkedListKthFromEndTDD\LinkedListKthFromEndTDD.csproj", "{CFDD0B90-679D-45AE-9971-1D5472EA0D9A}"
EndProject
Global
	GlobalSection(SolutionConfigurationPlatforms) = preSolution
		Debug|Any CPU = Debug|Any CPU
		Release|Any CPU = Release|Any CPU
	EndGlobalSection
	GlobalSection(ProjectConfigurationPlatforms) = postSolution
		{86C8C8B1-A316-452C-86D2-39089F67FC84}.Debug|Any CPU.ActiveCfg = Debug|Any CPU
		{86C8C8B1-A316-452C-86D2-39089F67FC84}.Debug|Any CPU.Build.0 = Debug|Any CPU
		{86C8C8B1-A316-452C-86D2-39089F67FC84}.Release|Any CPU.ActiveCfg = Release|Any CPU
		{86C8C8B1-A316-452C-86D2-39089F67FC84}.Release|Any CPU.Build.0 = Release|Any CPU
		{CFDD0B90-679D-45AE-9971-1D5472EA0D9A}.Debug|Any CPU.ActiveCfg = Debug|Any CPU
		{CFDD0B90-679D-45AE-9971-1D5472EA0D9A}.Debug|Any CPU.Build.0 = Debug|Any CPU
		{CFDD0B90-679D-45AE-9971-1D5472EA0D9A}.Release|Any CPU.ActiveCfg = Release|Any CPU
		{CFDD0B90-679D-45AE-9971-1D5472EA0D9A}.Release|Any CPU.Build.0 = Release|Any CPU
	EndGlobalSection
	GlobalSection(SolutionProperties) = preSolution
		HideSolutionNode = FALSE
	EndGlobalSection
	GlobalSection(ExtensibilityGlobals) = postSolution
		SolutionGuid = {F751AD4D-ED85-4B92-B1AD-992D7E2BDC50}
	EndGlobalSection
EndGlobal
