
Microsoft Visual Studio Solution File, Format Version 12.00
# Visual Studio 15
VisualStudioVersion = 15.0.28307.421
MinimumVisualStudioVersion = 10.0.40219.1
Project("{9A19103F-16F7-4668-BE54-9A1E7A4F7556}") = "HashTable", "Hashtable\HashTable.csproj", "{0F089736-9DEB-4676-AD68-B38A4D7B31C1}"
EndProject
Project("{FAE04EC0-301F-11D3-BF4B-00C04F79EFBC}") = "HashtableTDD", "HashtableTDD\HashtableTDD.csproj", "{200E2FF5-2DAB-4B78-AE5F-234EEE990737}"
EndProject
Global
	GlobalSection(SolutionConfigurationPlatforms) = preSolution
		Debug|Any CPU = Debug|Any CPU
		Release|Any CPU = Release|Any CPU
	EndGlobalSection
	GlobalSection(ProjectConfigurationPlatforms) = postSolution
		{0F089736-9DEB-4676-AD68-B38A4D7B31C1}.Debug|Any CPU.ActiveCfg = Debug|Any CPU
		{0F089736-9DEB-4676-AD68-B38A4D7B31C1}.Debug|Any CPU.Build.0 = Debug|Any CPU
		{0F089736-9DEB-4676-AD68-B38A4D7B31C1}.Release|Any CPU.ActiveCfg = Release|Any CPU
		{0F089736-9DEB-4676-AD68-B38A4D7B31C1}.Release|Any CPU.Build.0 = Release|Any CPU
		{200E2FF5-2DAB-4B78-AE5F-234EEE990737}.Debug|Any CPU.ActiveCfg = Debug|Any CPU
		{200E2FF5-2DAB-4B78-AE5F-234EEE990737}.Debug|Any CPU.Build.0 = Debug|Any CPU
		{200E2FF5-2DAB-4B78-AE5F-234EEE990737}.Release|Any CPU.ActiveCfg = Release|Any CPU
		{200E2FF5-2DAB-4B78-AE5F-234EEE990737}.Release|Any CPU.Build.0 = Release|Any CPU
	EndGlobalSection
	GlobalSection(SolutionProperties) = preSolution
		HideSolutionNode = FALSE
	EndGlobalSection
	GlobalSection(ExtensibilityGlobals) = postSolution
		SolutionGuid = {C3C2AE01-17F0-45B3-A394-A53356E11BDE}
	EndGlobalSection
EndGlobal
