
Microsoft Visual Studio Solution File, Format Version 12.00
# Visual Studio 15
VisualStudioVersion = 15.0.28307.421
MinimumVisualStudioVersion = 10.0.40219.1
Project("{FAE04EC0-301F-11D3-BF4B-00C04F79EFBC}") = "BreadthFirstGraph", "BreadthFirstGraph\BreadthFirstGraph.csproj", "{204142EE-A8B1-4D46-AECC-6B4343836F59}"
EndProject
Global
	GlobalSection(SolutionConfigurationPlatforms) = preSolution
		Debug|Any CPU = Debug|Any CPU
		Release|Any CPU = Release|Any CPU
	EndGlobalSection
	GlobalSection(ProjectConfigurationPlatforms) = postSolution
		{204142EE-A8B1-4D46-AECC-6B4343836F59}.Debug|Any CPU.ActiveCfg = Debug|Any CPU
		{204142EE-A8B1-4D46-AECC-6B4343836F59}.Debug|Any CPU.Build.0 = Debug|Any CPU
		{204142EE-A8B1-4D46-AECC-6B4343836F59}.Release|Any CPU.ActiveCfg = Release|Any CPU
		{204142EE-A8B1-4D46-AECC-6B4343836F59}.Release|Any CPU.Build.0 = Release|Any CPU
	EndGlobalSection
	GlobalSection(SolutionProperties) = preSolution
		HideSolutionNode = FALSE
	EndGlobalSection
	GlobalSection(ExtensibilityGlobals) = postSolution
		SolutionGuid = {A9470513-3234-4E28-AC05-290D2658D99D}
	EndGlobalSection
EndGlobal
