
Microsoft Visual Studio Solution File, Format Version 12.00
# Visual Studio 15
VisualStudioVersion = 15.0.28307.271
MinimumVisualStudioVersion = 10.0.40219.1
Project("{FAE04EC0-301F-11D3-BF4B-00C04F79EFBC}") = "QueueWithStacks", "QueueWithStacks\QueueWithStacks.csproj", "{55BE7840-AB3C-48DA-94D8-B2CAE37ADF78}"
EndProject
Project("{FAE04EC0-301F-11D3-BF4B-00C04F79EFBC}") = "QueueWithStacksTDD", "QueueWithStacksTDD\QueueWithStacksTDD.csproj", "{E5DB3CDE-1059-423E-9505-5AA3E46C097C}"
EndProject
Global
	GlobalSection(SolutionConfigurationPlatforms) = preSolution
		Debug|Any CPU = Debug|Any CPU
		Release|Any CPU = Release|Any CPU
	EndGlobalSection
	GlobalSection(ProjectConfigurationPlatforms) = postSolution
		{55BE7840-AB3C-48DA-94D8-B2CAE37ADF78}.Debug|Any CPU.ActiveCfg = Debug|Any CPU
		{55BE7840-AB3C-48DA-94D8-B2CAE37ADF78}.Debug|Any CPU.Build.0 = Debug|Any CPU
		{55BE7840-AB3C-48DA-94D8-B2CAE37ADF78}.Release|Any CPU.ActiveCfg = Release|Any CPU
		{55BE7840-AB3C-48DA-94D8-B2CAE37ADF78}.Release|Any CPU.Build.0 = Release|Any CPU
		{E5DB3CDE-1059-423E-9505-5AA3E46C097C}.Debug|Any CPU.ActiveCfg = Debug|Any CPU
		{E5DB3CDE-1059-423E-9505-5AA3E46C097C}.Debug|Any CPU.Build.0 = Debug|Any CPU
		{E5DB3CDE-1059-423E-9505-5AA3E46C097C}.Release|Any CPU.ActiveCfg = Release|Any CPU
		{E5DB3CDE-1059-423E-9505-5AA3E46C097C}.Release|Any CPU.Build.0 = Release|Any CPU
	EndGlobalSection
	GlobalSection(SolutionProperties) = preSolution
		HideSolutionNode = FALSE
	EndGlobalSection
	GlobalSection(ExtensibilityGlobals) = postSolution
		SolutionGuid = {8286E792-F36B-4CE0-B8E3-31F7955948AF}
	EndGlobalSection
EndGlobal
